
Microsoft Visual Studio Solution File, Format Version 12.00
# Visual Studio 15
VisualStudioVersion = 15.0.27703.2042
MinimumVisualStudioVersion = 10.0.40219.1
Project("{FAE04EC0-301F-11D3-BF4B-00C04F79EFBC}") = "dotnetstandard-stellar-hd-wallet", "dotnetstandard-stellar-hd-wallet\dotnetstandard-stellar-hd-wallet.csproj", "{1072A05E-97D2-42EA-8E5C-F85CAF9C3CB7}"
EndProject
Project("{FAE04EC0-301F-11D3-BF4B-00C04F79EFBC}") = "dotnetstandard-stellar-hd-wallet-unittest", "dotnetstandard-stellar-hd-wallet-unittest\dotnetstandard-stellar-hd-wallet-unittest.csproj", "{50796E70-9B17-4A8B-9E9A-D70F59538403}"
EndProject
Global
	GlobalSection(SolutionConfigurationPlatforms) = preSolution
		Debug|Any CPU = Debug|Any CPU
		Release|Any CPU = Release|Any CPU
	EndGlobalSection
	GlobalSection(ProjectConfigurationPlatforms) = postSolution
		{1072A05E-97D2-42EA-8E5C-F85CAF9C3CB7}.Debug|Any CPU.ActiveCfg = Debug|Any CPU
		{1072A05E-97D2-42EA-8E5C-F85CAF9C3CB7}.Debug|Any CPU.Build.0 = Debug|Any CPU
		{1072A05E-97D2-42EA-8E5C-F85CAF9C3CB7}.Release|Any CPU.ActiveCfg = Release|Any CPU
		{1072A05E-97D2-42EA-8E5C-F85CAF9C3CB7}.Release|Any CPU.Build.0 = Release|Any CPU
		{50796E70-9B17-4A8B-9E9A-D70F59538403}.Debug|Any CPU.ActiveCfg = Debug|Any CPU
		{50796E70-9B17-4A8B-9E9A-D70F59538403}.Debug|Any CPU.Build.0 = Debug|Any CPU
		{50796E70-9B17-4A8B-9E9A-D70F59538403}.Release|Any CPU.ActiveCfg = Release|Any CPU
		{50796E70-9B17-4A8B-9E9A-D70F59538403}.Release|Any CPU.Build.0 = Release|Any CPU
	EndGlobalSection
	GlobalSection(SolutionProperties) = preSolution
		HideSolutionNode = FALSE
	EndGlobalSection
	GlobalSection(ExtensibilityGlobals) = postSolution
		SolutionGuid = {47FBB752-DAE7-4DA3-9F48-A86CAE60C162}
	EndGlobalSection
EndGlobal
